// !$*UTF8*$!
{
	archiveVersion = 1;
	classes = {
	};
	objectVersion = 46;
	objects = {

/* Begin PBXBuildFile section */
		385D63ED1EBEC4720063B35D /* main.m in Sources */ = {isa = PBXBuildFile; fileRef = 385D63EC1EBEC4720063B35D /* main.m */; };
		385D63F01EBEC4720063B35D /* AppDelegate.m in Sources */ = {isa = PBXBuildFile; fileRef = 385D63EF1EBEC4720063B35D /* AppDelegate.m */; };
		385D63F31EBEC4720063B35D /* ViewController.m in Sources */ = {isa = PBXBuildFile; fileRef = 385D63F21EBEC4720063B35D /* ViewController.m */; };
		385D63F61EBEC4720063B35D /* Main.storyboard in Resources */ = {isa = PBXBuildFile; fileRef = 385D63F41EBEC4720063B35D /* Main.storyboard */; };
		385D63F81EBEC4720063B35D /* Assets.xcassets in Resources */ = {isa = PBXBuildFile; fileRef = 385D63F71EBEC4720063B35D /* Assets.xcassets */; };
		385D63FB1EBEC4720063B35D /* LaunchScreen.storyboard in Resources */ = {isa = PBXBuildFile; fileRef = 385D63F91EBEC4720063B35D /* LaunchScreen.storyboard */; };
		385D64061EBEC4720063B35D /* ____Tests.m in Sources */ = {isa = PBXBuildFile; fileRef = 385D64051EBEC4720063B35D /* ____Tests.m */; };
		385D64111EBEC4720063B35D /* ____UITests.m in Sources */ = {isa = PBXBuildFile; fileRef = 385D64101EBEC4720063B35D /* ____UITests.m */; };
/* End PBXBuildFile section */

/* Begin PBXContainerItemProxy section */
		385D64021EBEC4720063B35D /* PBXContainerItemProxy */ = {
			isa = PBXContainerItemProxy;
			containerPortal = 385D63E01EBEC4720063B35D /* Project object */;
			proxyType = 1;
			remoteGlobalIDString = 385D63E71EBEC4720063B35D;
			remoteInfo = "跳转测试";
		};
		385D640D1EBEC4720063B35D /* PBXContainerItemProxy */ = {
			isa = PBXContainerItemProxy;
			containerPortal = 385D63E01EBEC4720063B35D /* Project object */;
			proxyType = 1;
			remoteGlobalIDString = 385D63E71EBEC4720063B35D;
			remoteInfo = "跳转测试";
		};
/* End PBXContainerItemProxy section */

/* Begin PBXFileReference section */
		385D63E81EBEC4720063B35D /* 跳转测试.app */ = {isa = PBXFileReference; explicitFileType = wrapper.application; includeInIndex = 0; path = "跳转测试.app"; sourceTree = BUILT_PRODUCTS_DIR; };
		385D63EC1EBEC4720063B35D /* main.m */ = {isa = PBXFileReference; lastKnownFileType = sourcecode.c.objc; path = main.m; sourceTree = "<group>"; };
		385D63EE1EBEC4720063B35D /* AppDelegate.h */ = {isa = PBXFileReference; lastKnownFileType = sourcecode.c.h; path = AppDelegate.h; sourceTree = "<group>"; };
		385D63EF1EBEC4720063B35D /* AppDelegate.m */ = {isa = PBXFileReference; lastKnownFileType = sourcecode.c.objc; path = AppDelegate.m; sourceTree = "<group>"; };
		385D63F11EBEC4720063B35D /* ViewController.h */ = {isa = PBXFileReference; lastKnownFileType = sourcecode.c.h; path = ViewController.h; sourceTree = "<group>"; };
		385D63F21EBEC4720063B35D /* ViewController.m */ = {isa = PBXFileReference; lastKnownFileType = sourcecode.c.objc; path = ViewController.m; sourceTree = "<group>"; };
		385D63F51EBEC4720063B35D /* Base */ = {isa = PBXFileReference; lastKnownFileType = file.storyboard; name = Base; path = Base.lproj/Main.storyboard; sourceTree = "<group>"; };
		385D63F71EBEC4720063B35D /* Assets.xcassets */ = {isa = PBXFileReference; lastKnownFileType = folder.assetcatalog; path = Assets.xcassets; sourceTree = "<group>"; };
		385D63FA1EBEC4720063B35D /* Base */ = {isa = PBXFileReference; lastKnownFileType = file.storyboard; name = Base; path = Base.lproj/LaunchScreen.storyboard; sourceTree = "<group>"; };
		385D63FC1EBEC4720063B35D /* Info.plist */ = {isa = PBXFileReference; lastKnownFileType = text.plist.xml; path = Info.plist; sourceTree = "<group>"; };
		385D64011EBEC4720063B35D /* 跳转测试Tests.xctest */ = {isa = PBXFileReference; explicitFileType = wrapper.cfbundle; includeInIndex = 0; path = "跳转测试Tests.xctest"; sourceTree = BUILT_PRODUCTS_DIR; };
		385D64051EBEC4720063B35D /* ____Tests.m */ = {isa = PBXFileReference; lastKnownFileType = sourcecode.c.objc; path = "____Tests.m"; sourceTree = "<group>"; };
		385D64071EBEC4720063B35D /* Info.plist */ = {isa = PBXFileReference; lastKnownFileType = text.plist.xml; path = Info.plist; sourceTree = "<group>"; };
		385D640C1EBEC4720063B35D /* 跳转测试UITests.xctest */ = {isa = PBXFileReference; explicitFileType = wrapper.cfbundle; includeInIndex = 0; path = "跳转测试UITests.xctest"; sourceTree = BUILT_PRODUCTS_DIR; };
		385D64101EBEC4720063B35D /* ____UITests.m */ = {isa = PBXFileReference; lastKnownFileType = sourcecode.c.objc; path = "____UITests.m"; sourceTree = "<group>"; };
		385D64121EBEC4720063B35D /* Info.plist */ = {isa = PBXFileReference; lastKnownFileType = text.plist.xml; path = Info.plist; sourceTree = "<group>"; };
/* End PBXFileReference section */

/* Begin PBXFrameworksBuildPhase section */
		385D63E51EBEC4720063B35D /* Frameworks */ = {
			isa = PBXFrameworksBuildPhase;
			buildActionMask = 2147483647;
			files = (
			);
			runOnlyForDeploymentPostprocessing = 0;
		};
		385D63FE1EBEC4720063B35D /* Frameworks */ = {
			isa = PBXFrameworksBuildPhase;
			buildActionMask = 2147483647;
			files = (
			);
			runOnlyForDeploymentPostprocessing = 0;
		};
		385D64091EBEC4720063B35D /* Frameworks */ = {
			isa = PBXFrameworksBuildPhase;
			buildActionMask = 2147483647;
			files = (
			);
			runOnlyForDeploymentPostprocessing = 0;
		};
/* End PBXFrameworksBuildPhase section */

/* Begin PBXGroup section */
		385D63DF1EBEC4720063B35D = {
			isa = PBXGroup;
			children = (
				385D63EA1EBEC4720063B35D /* 跳转测试 */,
				385D64041EBEC4720063B35D /* 跳转测试Tests */,
				385D640F1EBEC4720063B35D /* 跳转测试UITests */,
				385D63E91EBEC4720063B35D /* Products */,
			);
			sourceTree = "<group>";
		};
		385D63E91EBEC4720063B35D /* Products */ = {
			isa = PBXGroup;
			children = (
				385D63E81EBEC4720063B35D /* 跳转测试.app */,
				385D64011EBEC4720063B35D /* 跳转测试Tests.xctest */,
				385D640C1EBEC4720063B35D /* 跳转测试UITests.xctest */,
			);
			name = Products;
			sourceTree = "<group>";
		};
		385D63EA1EBEC4720063B35D /* 跳转测试 */ = {
			isa = PBXGroup;
			children = (
				385D63EE1EBEC4720063B35D /* AppDelegate.h */,
				385D63EF1EBEC4720063B35D /* AppDelegate.m */,
				385D63F11EBEC4720063B35D /* ViewController.h */,
				385D63F21EBEC4720063B35D /* ViewController.m */,
				385D63F41EBEC4720063B35D /* Main.storyboard */,
				385D63F71EBEC4720063B35D /* Assets.xcassets */,
				385D63F91EBEC4720063B35D /* LaunchScreen.storyboard */,
				385D63FC1EBEC4720063B35D /* Info.plist */,
				385D63EB1EBEC4720063B35D /* Supporting Files */,
			);
			path = "跳转测试";
			sourceTree = "<group>";
		};
		385D63EB1EBEC4720063B35D /* Supporting Files */ = {
			isa = PBXGroup;
			children = (
				385D63EC1EBEC4720063B35D /* main.m */,
			);
			name = "Supporting Files";
			sourceTree = "<group>";
		};
		385D64041EBEC4720063B35D /* 跳转测试Tests */ = {
			isa = PBXGroup;
			children = (
				385D64051EBEC4720063B35D /* ____Tests.m */,
				385D64071EBEC4720063B35D /* Info.plist */,
			);
			path = "跳转测试Tests";
			sourceTree = "<group>";
		};
		385D640F1EBEC4720063B35D /* 跳转测试UITests */ = {
			isa = PBXGroup;
			children = (
				385D64101EBEC4720063B35D /* ____UITests.m */,
				385D64121EBEC4720063B35D /* Info.plist */,
			);
			path = "跳转测试UITests";
			sourceTree = "<group>";
		};
/* End PBXGroup section */

/* Begin PBXNativeTarget section */
		385D63E71EBEC4720063B35D /* 跳转测试 */ = {
			isa = PBXNativeTarget;
			buildConfigurationList = 385D64151EBEC4720063B35D /* Build configuration list for PBXNativeTarget "跳转测试" */;
			buildPhases = (
				385D63E41EBEC4720063B35D /* Sources */,
				385D63E51EBEC4720063B35D /* Frameworks */,
				385D63E61EBEC4720063B35D /* Resources */,
			);
			buildRules = (
			);
			dependencies = (
			);
			name = "跳转测试";
			productName = "跳转测试";
			productReference = 385D63E81EBEC4720063B35D /* 跳转测试.app */;
			productType = "com.apple.product-type.application";
		};
		385D64001EBEC4720063B35D /* 跳转测试Tests */ = {
			isa = PBXNativeTarget;
			buildConfigurationList = 385D64181EBEC4720063B35D /* Build configuration list for PBXNativeTarget "跳转测试Tests" */;
			buildPhases = (
				385D63FD1EBEC4720063B35D /* Sources */,
				385D63FE1EBEC4720063B35D /* Frameworks */,
				385D63FF1EBEC4720063B35D /* Resources */,
			);
			buildRules = (
			);
			dependencies = (
				385D64031EBEC4720063B35D /* PBXTargetDependency */,
			);
			name = "跳转测试Tests";
			productName = "跳转测试Tests";
			productReference = 385D64011EBEC4720063B35D /* 跳转测试Tests.xctest */;
			productType = "com.apple.product-type.bundle.unit-test";
		};
		385D640B1EBEC4720063B35D /* 跳转测试UITests */ = {
			isa = PBXNativeTarget;
			buildConfigurationList = 385D641B1EBEC4720063B35D /* Build configuration list for PBXNativeTarget "跳转测试UITests" */;
			buildPhases = (
				385D64081EBEC4720063B35D /* Sources */,
				385D64091EBEC4720063B35D /* Frameworks */,
				385D640A1EBEC4720063B35D /* Resources */,
			);
			buildRules = (
			);
			dependencies = (
				385D640E1EBEC4720063B35D /* PBXTargetDependency */,
			);
			name = "跳转测试UITests";
			productName = "跳转测试UITests";
			productReference = 385D640C1EBEC4720063B35D /* 跳转测试UITests.xctest */;
			productType = "com.apple.product-type.bundle.ui-testing";
		};
/* End PBXNativeTarget section */

/* Begin PBXProject section */
		385D63E01EBEC4720063B35D /* Project object */ = {
			isa = PBXProject;
			attributes = {
				LastUpgradeCheck = 0830;
				ORGANIZATIONNAME = MrHan;
				TargetAttributes = {
					385D63E71EBEC4720063B35D = {
						CreatedOnToolsVersion = 8.3.2;
						ProvisioningStyle = Automatic;
					};
					385D64001EBEC4720063B35D = {
						CreatedOnToolsVersion = 8.3.2;
						ProvisioningStyle = Automatic;
						TestTargetID = 385D63E71EBEC4720063B35D;
					};
					385D640B1EBEC4720063B35D = {
						CreatedOnToolsVersion = 8.3.2;
						ProvisioningStyle = Automatic;
						TestTargetID = 385D63E71EBEC4720063B35D;
					};
				};
			};
			buildConfigurationList = 385D63E31EBEC4720063B35D /* Build configuration list for PBXProject "跳转测试" */;
			compatibilityVersion = "Xcode 3.2";
			developmentRegion = English;
			hasScannedForEncodings = 0;
			knownRegions = (
				en,
				Base,
			);
			mainGroup = 385D63DF1EBEC4720063B35D;
			productRefGroup = 385D63E91EBEC4720063B35D /* Products */;
			projectDirPath = "";
			projectRoot = "";
			targets = (
				385D63E71EBEC4720063B35D /* 跳转测试 */,
				385D64001EBEC4720063B35D /* 跳转测试Tests */,
				385D640B1EBEC4720063B35D /* 跳转测试UITests */,
			);
		};
/* End PBXProject section */

/* Begin PBXResourcesBuildPhase section */
		385D63E61EBEC4720063B35D /* Resources */ = {
			isa = PBXResourcesBuildPhase;
			buildActionMask = 2147483647;
			files = (
				385D63FB1EBEC4720063B35D /* LaunchScreen.storyboard in Resources */,
				385D63F81EBEC4720063B35D /* Assets.xcassets in Resources */,
				385D63F61EBEC4720063B35D /* Main.storyboard in Resources */,
			);
			runOnlyForDeploymentPostprocessing = 0;
		};
		385D63FF1EBEC4720063B35D /* Resources */ = {
			isa = PBXResourcesBuildPhase;
			buildActionMask = 2147483647;
			files = (
			);
			runOnlyForDeploymentPostprocessing = 0;
		};
		385D640A1EBEC4720063B35D /* Resources */ = {
			isa = PBXResourcesBuildPhase;
			buildActionMask = 2147483647;
			files = (
			);
			runOnlyForDeploymentPostprocessing = 0;
		};
/* End PBXResourcesBuildPhase section */

/* Begin PBXSourcesBuildPhase section */
		385D63E41EBEC4720063B35D /* Sources */ = {
			isa = PBXSourcesBuildPhase;
			buildActionMask = 2147483647;
			files = (
				385D63F31EBEC4720063B35D /* ViewController.m in Sources */,
				385D63F01EBEC4720063B35D /* AppDelegate.m in Sources */,
				385D63ED1EBEC4720063B35D /* main.m in Sources */,
			);
			runOnlyForDeploymentPostprocessing = 0;
		};
		385D63FD1EBEC4720063B35D /* Sources */ = {
			isa = PBXSourcesBuildPhase;
			buildActionMask = 2147483647;
			files = (
				385D64061EBEC4720063B35D /* ____Tests.m in Sources */,
			);
			runOnlyForDeploymentPostprocessing = 0;
		};
		385D64081EBEC4720063B35D /* Sources */ = {
			isa = PBXSourcesBuildPhase;
			buildActionMask = 2147483647;
			files = (
				385D64111EBEC4720063B35D /* ____UITests.m in Sources */,
			);
			runOnlyForDeploymentPostprocessing = 0;
		};
/* End PBXSourcesBuildPhase section */

/* Begin PBXTargetDependency section */
		385D64031EBEC4720063B35D /* PBXTargetDependency */ = {
			isa = PBXTargetDependency;
			target = 385D63E71EBEC4720063B35D /* 跳转测试 */;
			targetProxy = 385D64021EBEC4720063B35D /* PBXContainerItemProxy */;
		};
		385D640E1EBEC4720063B35D /* PBXTargetDependency */ = {
			isa = PBXTargetDependency;
			target = 385D63E71EBEC4720063B35D /* 跳转测试 */;
			targetProxy = 385D640D1EBEC4720063B35D /* PBXContainerItemProxy */;
		};
/* End PBXTargetDependency section */

/* Begin PBXVariantGroup section */
		385D63F41EBEC4720063B35D /* Main.storyboard */ = {
			isa = PBXVariantGroup;
			children = (
				385D63F51EBEC4720063B35D /* Base */,
			);
			name = Main.storyboard;
			sourceTree = "<group>";
		};
		385D63F91EBEC4720063B35D /* LaunchScreen.storyboard */ = {
			isa = PBXVariantGroup;
			children = (
				385D63FA1EBEC4720063B35D /* Base */,
			);
			name = LaunchScreen.storyboard;
			sourceTree = "<group>";
		};
/* End PBXVariantGroup section */

/* Begin XCBuildConfiguration section */
		385D64131EBEC4720063B35D /* Debug */ = {
			isa = XCBuildConfiguration;
			buildSettings = {
				ALWAYS_SEARCH_USER_PATHS = NO;
				CLANG_ANALYZER_NONNULL = YES;
				CLANG_ANALYZER_NUMBER_OBJECT_CONVERSION = YES_AGGRESSIVE;
				CLANG_CXX_LANGUAGE_STANDARD = "gnu++0x";
				CLANG_CXX_LIBRARY = "libc++";
				CLANG_ENABLE_MODULES = YES;
				CLANG_ENABLE_OBJC_ARC = YES;
				CLANG_WARN_BOOL_CONVERSION = YES;
				CLANG_WARN_CONSTANT_CONVERSION = YES;
				CLANG_WARN_DIRECT_OBJC_ISA_USAGE = YES_ERROR;
				CLANG_WARN_DOCUMENTATION_COMMENTS = YES;
				CLANG_WARN_EMPTY_BODY = YES;
				CLANG_WARN_ENUM_CONVERSION = YES;
				CLANG_WARN_INFINITE_RECURSION = YES;
				CLANG_WARN_INT_CONVERSION = YES;
				CLANG_WARN_OBJC_ROOT_CLASS = YES_ERROR;
				CLANG_WARN_SUSPICIOUS_MOVE = YES;
				CLANG_WARN_UNREACHABLE_CODE = YES;
				CLANG_WARN__DUPLICATE_METHOD_MATCH = YES;
				"CODE_SIGN_IDENTITY[sdk=iphoneos*]" = "iPhone Developer";
				COPY_PHASE_STRIP = NO;
				DEBUG_INFORMATION_FORMAT = dwarf;
				ENABLE_STRICT_OBJC_MSGSEND = YES;
				ENABLE_TESTABILITY = YES;
				GCC_C_LANGUAGE_STANDARD = gnu99;
				GCC_DYNAMIC_NO_PIC = NO;
				GCC_NO_COMMON_BLOCKS = YES;
				GCC_OPTIMIZATION_LEVEL = 0;
				GCC_PREPROCESSOR_DEFINITIONS = (
					"DEBUG=1",
					"$(inherited)",
				);
				GCC_WARN_64_TO_32_BIT_CONVERSION = YES;
				GCC_WARN_ABOUT_RETURN_TYPE = YES_ERROR;
				GCC_WARN_UNDECLARED_SELECTOR = YES;
				GCC_WARN_UNINITIALIZED_AUTOS = YES_AGGRESSIVE;
				GCC_WARN_UNUSED_FUNCTION = YES;
				GCC_WARN_UNUSED_VARIABLE = YES;
				IPHONEOS_DEPLOYMENT_TARGET = 10.3;
				MTL_ENABLE_DEBUG_INFO = YES;
				ONLY_ACTIVE_ARCH = YES;
				SDKROOT = iphoneos;
			};
			name = Debug;
		};
		385D64141EBEC4720063B35D /* Release */ = {
			isa = XCBuildConfiguration;
			buildSettings = {
				ALWAYS_SEARCH_USER_PATHS = NO;
				CLANG_ANALYZER_NONNULL = YES;
				CLANG_ANALYZER_NUMBER_OBJECT_CONVERSION = YES_AGGRESSIVE;
				CLANG_CXX_LANGUAGE_STANDARD = "gnu++0x";
				CLANG_CXX_LIBRARY = "libc++";
				CLANG_ENABLE_MODULES = YES;
				CLANG_ENABLE_OBJC_ARC = YES;
				CLANG_WARN_BOOL_CONVERSION = YES;
				CLANG_WARN_CONSTANT_CONVERSION = YES;
				CLANG_WARN_DIRECT_OBJC_ISA_USAGE = YES_ERROR;
				CLANG_WARN_DOCUMENTATION_COMMENTS = YES;
				CLANG_WARN_EMPTY_BODY = YES;
				CLANG_WARN_ENUM_CONVERSION = YES;
				CLANG_WARN_INFINITE_RECURSION = YES;
				CLANG_WARN_INT_CONVERSION = YES;
				CLANG_WARN_OBJC_ROOT_CLASS = YES_ERROR;
				CLANG_WARN_SUSPICIOUS_MOVE = YES;
				CLANG_WARN_UNREACHABLE_CODE = YES;
				CLANG_WARN__DUPLICATE_METHOD_MATCH = YES;
				"CODE_SIGN_IDENTITY[sdk=iphoneos*]" = "iPhone Developer";
				COPY_PHASE_STRIP = NO;
				DEBUG_INFORMATION_FORMAT = "dwarf-with-dsym";
				ENABLE_NS_ASSERTIONS = NO;
				ENABLE_STRICT_OBJC_MSGSEND = YES;
				GCC_C_LANGUAGE_STANDARD = gnu99;
				GCC_NO_COMMON_BLOCKS = YES;
				GCC_WARN_64_TO_32_BIT_CONVERSION = YES;
				GCC_WARN_ABOUT_RETURN_TYPE = YES_ERROR;
				GCC_WARN_UNDECLARED_SELECTOR = YES;
				GCC_WARN_UNINITIALIZED_AUTOS = YES_AGGRESSIVE;
				GCC_WARN_UNUSED_FUNCTION = YES;
				GCC_WARN_UNUSED_VARIABLE = YES;
				IPHONEOS_DEPLOYMENT_TARGET = 10.3;
				MTL_ENABLE_DEBUG_INFO = NO;
				SDKROOT = iphoneos;
				VALIDATE_PRODUCT = YES;
			};
			name = Release;
		};
		385D64161EBEC4720063B35D /* Debug */ = {
			isa = XCBuildConfiguration;
			buildSettings = {
				ASSETCATALOG_COMPILER_APPICON_NAME = AppIcon;
				INFOPLIST_FILE = "跳转测试/Info.plist";
				LD_RUNPATH_SEARCH_PATHS = "$(inherited) @executable_path/Frameworks";
				PRODUCT_BUNDLE_IDENTIFIER = "ANewStartIsMrHan.----";
				PRODUCT_NAME = "$(TARGET_NAME)";
			};
			name = Debug;
		};
		385D64171EBEC4720063B35D /* Release */ = {
			isa = XCBuildConfiguration;
			buildSettings = {
				ASSETCATALOG_COMPILER_APPICON_NAME = AppIcon;
				INFOPLIST_FILE = "跳转测试/Info.plist";
				LD_RUNPATH_SEARCH_PATHS = "$(inherited) @executable_path/Frameworks";
				PRODUCT_BUNDLE_IDENTIFIER = "ANewStartIsMrHan.----";
				PRODUCT_NAME = "$(TARGET_NAME)";
			};
			name = Release;
		};
		385D64191EBEC4720063B35D /* Debug */ = {
			isa = XCBuildConfiguration;
			buildSettings = {
				BUNDLE_LOADER = "$(TEST_HOST)";
				INFOPLIST_FILE = "跳转测试Tests/Info.plist";
				LD_RUNPATH_SEARCH_PATHS = "$(inherited) @executable_path/Frameworks @loader_path/Frameworks";
				PRODUCT_BUNDLE_IDENTIFIER = "ANewStartIsMrHan.----Tests";
				PRODUCT_NAME = "$(TARGET_NAME)";
				TEST_HOST = "$(BUILT_PRODUCTS_DIR)/跳转测试.app/跳转测试";
			};
			name = Debug;
		};
		385D641A1EBEC4720063B35D /* Release */ = {
			isa = XCBuildConfiguration;
			buildSettings = {
				BUNDLE_LOADER = "$(TEST_HOST)";
				INFOPLIST_FILE = "跳转测试Tests/Info.plist";
				LD_RUNPATH_SEARCH_PATHS = "$(inherited) @executable_path/Frameworks @loader_path/Frameworks";
				PRODUCT_BUNDLE_IDENTIFIER = "ANewStartIsMrHan.----Tests";
				PRODUCT_NAME = "$(TARGET_NAME)";
				TEST_HOST = "$(BUILT_PRODUCTS_DIR)/跳转测试.app/跳转测试";
			};
			name = Release;
		};
		385D641C1EBEC4720063B35D /* Debug */ = {
			isa = XCBuildConfiguration;
			buildSettings = {
				INFOPLIST_FILE = "跳转测试UITests/Info.plist";
				LD_RUNPATH_SEARCH_PATHS = "$(inherited) @executable_path/Frameworks @loader_path/Frameworks";
				PRODUCT_BUNDLE_IDENTIFIER = "ANewStartIsMrHan.----UITests";
				PRODUCT_NAME = "$(TARGET_NAME)";
				TEST_TARGET_NAME = "跳转测试";
			};
			name = Debug;
		};
		385D641D1EBEC4720063B35D /* Release */ = {
			isa = XCBuildConfiguration;
			buildSettings = {
				INFOPLIST_FILE = "跳转测试UITests/Info.plist";
				LD_RUNPATH_SEARCH_PATHS = "$(inherited) @executable_path/Frameworks @loader_path/Frameworks";
				PRODUCT_BUNDLE_IDENTIFIER = "ANewStartIsMrHan.----UITests";
				PRODUCT_NAME = "$(TARGET_NAME)";
				TEST_TARGET_NAME = "跳转测试";
			};
			name = Release;
		};
/* End XCBuildConfiguration section */

/* Begin XCConfigurationList section */
		385D63E31EBEC4720063B35D /* Build configuration list for PBXProject "跳转测试" */ = {
			isa = XCConfigurationList;
			buildConfigurations = (
				385D64131EBEC4720063B35D /* Debug */,
				385D64141EBEC4720063B35D /* Release */,
			);
			defaultConfigurationIsVisible = 0;
			defaultConfigurationName = Release;
		};
		385D64151EBEC4720063B35D /* Build configuration list for PBXNativeTarget "跳转测试" */ = {
			isa = XCConfigurationList;
			buildConfigurations = (
				385D64161EBEC4720063B35D /* Debug */,
				385D64171EBEC4720063B35D /* Release */,
			);
			defaultConfigurationIsVisible = 0;
		};
		385D64181EBEC4720063B35D /* Build configuration list for PBXNativeTarget "跳转测试Tests" */ = {
			isa = XCConfigurationList;
			buildConfigurations = (
				385D64191EBEC4720063B35D /* Debug */,
				385D641A1EBEC4720063B35D /* Release */,
			);
			defaultConfigurationIsVisible = 0;
		};
		385D641B1EBEC4720063B35D /* Build configuration list for PBXNativeTarget "跳转测试UITests" */ = {
			isa = XCConfigurationList;
			buildConfigurations = (
				385D641C1EBEC4720063B35D /* Debug */,
				385D641D1EBEC4720063B35D /* Release */,
			);
			defaultConfigurationIsVisible = 0;
		};
/* End XCConfigurationList section */
	};
	rootObject = 385D63E01EBEC4720063B35D /* Project object */;
}
